
Microsoft Visual Studio Solution File, Format Version 12.00
# Visual Studio Version 17
VisualStudioVersion = 17.0.31903.59
MinimumVisualStudioVersion = 10.0.40219.1
Project("{2150E333-8FDC-42A3-9474-1A3956D46DE8}") = "src", "src", "{BA95D9CF-56E6-4BBA-ABD7-8CB4CD221F09}"
EndProject
Project("{FAE04EC0-301F-11D3-BF4B-00C04F79EFBC}") = "LiveSplit.Video", "src\LiveSplit.Video\LiveSplit.Video.csproj", "{673F2E68-72C3-4FAB-B9F5-86FA90869BDE}"
EndProject
Global
	GlobalSection(SolutionConfigurationPlatforms) = preSolution
		Debug|Any CPU = Debug|Any CPU
		Release|Any CPU = Release|Any CPU
	EndGlobalSection
	GlobalSection(SolutionProperties) = preSolution
		HideSolutionNode = FALSE
	EndGlobalSection
	GlobalSection(ProjectConfigurationPlatforms) = postSolution
		{673F2E68-72C3-4FAB-B9F5-86FA90869BDE}.Debug|Any CPU.ActiveCfg = Debug|Any CPU
		{673F2E68-72C3-4FAB-B9F5-86FA90869BDE}.Debug|Any CPU.Build.0 = Debug|Any CPU
		{673F2E68-72C3-4FAB-B9F5-86FA90869BDE}.Release|Any CPU.ActiveCfg = Release|Any CPU
		{673F2E68-72C3-4FAB-B9F5-86FA90869BDE}.Release|Any CPU.Build.0 = Release|Any CPU
	EndGlobalSection
	GlobalSection(NestedProjects) = preSolution
		{673F2E68-72C3-4FAB-B9F5-86FA90869BDE} = {BA95D9CF-56E6-4BBA-ABD7-8CB4CD221F09}
	EndGlobalSection
EndGlobal
